github.com/Victiniiiii/musicbrainz-wrapper v0.0.0-20250914082615-ef98fa0e915f h1:eK0Lt3D9zKEj3Mi2hTvWLcnDY+UV4llU9a6PkchDeb8=
github.com/Victiniiiii/musicbrainz-wrapper v0.0.0-20250914082615-ef98fa0e915f/go.mod h1:KmygfD1WgMz2TkmO99SmKzIkzRQe8eJh8lNlLmwUGgM=
github.com/Victiniiiii/musicbrainz-wrapper v0.0.0-20250914093323-2afba3d794c1 h1:tcvS0Se6NQyxd1B6y5+AdN+IyCRCwbOvmSdWRxaQJBI=
github.com/Victiniiiii/musicbrainz-wrapper v0.0.0-20250914093323-2afba3d794c1/go.mod h1:wJ9rTzrOobEPb9YzlJzk2oG4AgdfIRNYZ8f1Wz8xEeE=
